// !$*UTF8*$!
{
	archiveVersion = 1;
	classes = {
	};
	objectVersion = 55;
	objects = {

/* Begin PBXBuildFile section */
		CA067F6B288BCA8E00D46881 /* network.c in Sources */ = {isa = PBXBuildFile; fileRef = CA067F6A288BCA8E00D46881 /* network.c */; };
		CA447F71288B1BCD00655851 /* main.c in Sources */ = {isa = PBXBuildFile; fileRef = CA447F70288B1BCD00655851 /* main.c */; };
		CA447F79288B1BF300655851 /* cccam.c in Sources */ = {isa = PBXBuildFile; fileRef = CA447F78288B1BF300655851 /* cccam.c */; };
/* End PBXBuildFile section */

/* Begin PBXCopyFilesBuildPhase section */
		CA447F6B288B1BCD00655851 /* CopyFiles */ = {
			isa = PBXCopyFilesBuildPhase;
			buildActionMask = 2147483647;
			dstPath = /usr/share/man/man1/;
			dstSubfolderSpec = 0;
			files = (
			);
			runOnlyForDeploymentPostprocessing = 1;
		};
/* End PBXCopyFilesBuildPhase section */

/* Begin PBXFileReference section */
		CA067F69288BCA8E00D46881 /* network.h */ = {isa = PBXFileReference; lastKnownFileType = sourcecode.c.h; path = network.h; sourceTree = "<group>"; };
		CA067F6A288BCA8E00D46881 /* network.c */ = {isa = PBXFileReference; lastKnownFileType = sourcecode.c.c; path = network.c; sourceTree = "<group>"; };
		CA447F6D288B1BCD00655851 /* cccamtest */ = {isa = PBXFileReference; explicitFileType = "compiled.mach-o.executable"; includeInIndex = 0; path = cccamtest; sourceTree = BUILT_PRODUCTS_DIR; };
		CA447F70288B1BCD00655851 /* main.c */ = {isa = PBXFileReference; lastKnownFileType = sourcecode.c.c; path = main.c; sourceTree = "<group>"; };
		CA447F77288B1BF300655851 /* cccam.h */ = {isa = PBXFileReference; lastKnownFileType = sourcecode.c.h; path = cccam.h; sourceTree = "<group>"; };
		CA447F78288B1BF300655851 /* cccam.c */ = {isa = PBXFileReference; lastKnownFileType = sourcecode.c.c; path = cccam.c; sourceTree = "<group>"; };
		CA447F7B288B207600655851 /* util.h */ = {isa = PBXFileReference; lastKnownFileType = sourcecode.c.h; path = util.h; sourceTree = "<group>"; };
/* End PBXFileReference section */

/* Begin PBXFrameworksBuildPhase section */
		CA447F6A288B1BCD00655851 /* Frameworks */ = {
			isa = PBXFrameworksBuildPhase;
			buildActionMask = 2147483647;
			files = (
			);
			runOnlyForDeploymentPostprocessing = 0;
		};
/* End PBXFrameworksBuildPhase section */

/* Begin PBXGroup section */
		CA447F64288B1BCD00655851 = {
			isa = PBXGroup;
			children = (
				CA447F6F288B1BCD00655851 /* cccamtest */,
				CA447F6E288B1BCD00655851 /* Products */,
			);
			sourceTree = "<group>";
		};
		CA447F6E288B1BCD00655851 /* Products */ = {
			isa = PBXGroup;
			children = (
				CA447F6D288B1BCD00655851 /* cccamtest */,
			);
			name = Products;
			sourceTree = "<group>";
		};
		CA447F6F288B1BCD00655851 /* cccamtest */ = {
			isa = PBXGroup;
			children = (
				CA447F70288B1BCD00655851 /* main.c */,
				CA447F77288B1BF300655851 /* cccam.h */,
				CA447F78288B1BF300655851 /* cccam.c */,
				CA447F7B288B207600655851 /* util.h */,
				CA067F69288BCA8E00D46881 /* network.h */,
				CA067F6A288BCA8E00D46881 /* network.c */,
			);
			path = cccamtest;
			sourceTree = "<group>";
		};
/* End PBXGroup section */

/* Begin PBXNativeTarget section */
		CA447F6C288B1BCD00655851 /* cccamtest */ = {
			isa = PBXNativeTarget;
			buildConfigurationList = CA447F74288B1BCD00655851 /* Build configuration list for PBXNativeTarget "cccamtest" */;
			buildPhases = (
				CA447F69288B1BCD00655851 /* Sources */,
				CA447F6A288B1BCD00655851 /* Frameworks */,
				CA447F6B288B1BCD00655851 /* CopyFiles */,
			);
			buildRules = (
			);
			dependencies = (
			);
			name = cccamtest;
			productName = cccamtest;
			productReference = CA447F6D288B1BCD00655851 /* cccamtest */;
			productType = "com.apple.product-type.tool";
		};
/* End PBXNativeTarget section */

/* Begin PBXProject section */
		CA447F65288B1BCD00655851 /* Project object */ = {
			isa = PBXProject;
			attributes = {
				BuildIndependentTargetsInParallel = 1;
				LastUpgradeCheck = 1340;
				TargetAttributes = {
					CA447F6C288B1BCD00655851 = {
						CreatedOnToolsVersion = 13.4.1;
					};
				};
			};
			buildConfigurationList = CA447F68288B1BCD00655851 /* Build configuration list for PBXProject "cccamtest" */;
			compatibilityVersion = "Xcode 13.0";
			developmentRegion = en;
			hasScannedForEncodings = 0;
			knownRegions = (
				en,
				Base,
			);
			mainGroup = CA447F64288B1BCD00655851;
			productRefGroup = CA447F6E288B1BCD00655851 /* Products */;
			projectDirPath = "";
			projectRoot = "";
			targets = (
				CA447F6C288B1BCD00655851 /* cccamtest */,
			);
		};
/* End PBXProject section */

/* Begin PBXSourcesBuildPhase section */
		CA447F69288B1BCD00655851 /* Sources */ = {
			isa = PBXSourcesBuildPhase;
			buildActionMask = 2147483647;
			files = (
				CA067F6B288BCA8E00D46881 /* network.c in Sources */,
				CA447F71288B1BCD00655851 /* main.c in Sources */,
				CA447F79288B1BF300655851 /* cccam.c in Sources */,
			);
			runOnlyForDeploymentPostprocessing = 0;
		};
/* End PBXSourcesBuildPhase section */

/* Begin XCBuildConfiguration section */
		CA447F72288B1BCD00655851 /* Debug */ = {
			isa = XCBuildConfiguration;
			buildSettings = {
				ALWAYS_SEARCH_USER_PATHS = NO;
				CLANG_ANALYZER_NONNULL = YES;
				CLANG_ANALYZER_NUMBER_OBJECT_CONVERSION = YES_AGGRESSIVE;
				CLANG_CXX_LANGUAGE_STANDARD = "gnu++17";
				CLANG_ENABLE_MODULES = YES;
				CLANG_ENABLE_OBJC_ARC = YES;
				CLANG_ENABLE_OBJC_WEAK = YES;
				CLANG_WARN_BLOCK_CAPTURE_AUTORELEASING = YES;
				CLANG_WARN_BOOL_CONVERSION = YES;
				CLANG_WARN_COMMA = YES;
				CLANG_WARN_CONSTANT_CONVERSION = YES;
				CLANG_WARN_DEPRECATED_OBJC_IMPLEMENTATIONS = YES;
				CLANG_WARN_DIRECT_OBJC_ISA_USAGE = YES_ERROR;
				CLANG_WARN_DOCUMENTATION_COMMENTS = YES;
				CLANG_WARN_EMPTY_BODY = YES;
				CLANG_WARN_ENUM_CONVERSION = YES;
				CLANG_WARN_INFINITE_RECURSION = YES;
				CLANG_WARN_INT_CONVERSION = YES;
				CLANG_WARN_NON_LITERAL_NULL_CONVERSION = YES;
				CLANG_WARN_OBJC_IMPLICIT_RETAIN_SELF = YES;
				CLANG_WARN_OBJC_LITERAL_CONVERSION = YES;
				CLANG_WARN_OBJC_ROOT_CLASS = YES_ERROR;
				CLANG_WARN_QUOTED_INCLUDE_IN_FRAMEWORK_HEADER = YES;
				CLANG_WARN_RANGE_LOOP_ANALYSIS = YES;
				CLANG_WARN_STRICT_PROTOTYPES = YES;
				CLANG_WARN_SUSPICIOUS_MOVE = YES;
				CLANG_WARN_UNGUARDED_AVAILABILITY = YES_AGGRESSIVE;
				CLANG_WARN_UNREACHABLE_CODE = YES;
				CLANG_WARN__DUPLICATE_METHOD_MATCH = YES;
				COPY_PHASE_STRIP = NO;
				DEBUG_INFORMATION_FORMAT = dwarf;
				ENABLE_STRICT_OBJC_MSGSEND = YES;
				ENABLE_TESTABILITY = YES;
				GCC_C_LANGUAGE_STANDARD = gnu11;
				GCC_DYNAMIC_NO_PIC = NO;
				GCC_NO_COMMON_BLOCKS = YES;
				GCC_OPTIMIZATION_LEVEL = 0;
				GCC_PREPROCESSOR_DEFINITIONS = (
					"DEBUG=1",
					"$(inherited)",
				);
				GCC_WARN_64_TO_32_BIT_CONVERSION = YES;
				GCC_WARN_ABOUT_RETURN_TYPE = YES_ERROR;
				GCC_WARN_UNDECLARED_SELECTOR = YES;
				GCC_WARN_UNINITIALIZED_AUTOS = YES_AGGRESSIVE;
				GCC_WARN_UNUSED_FUNCTION = YES;
				GCC_WARN_UNUSED_VARIABLE = YES;
				MACOSX_DEPLOYMENT_TARGET = 12.3;
				MTL_ENABLE_DEBUG_INFO = INCLUDE_SOURCE;
				MTL_FAST_MATH = YES;
				ONLY_ACTIVE_ARCH = YES;
				SDKROOT = macosx;
			};
			name = Debug;
		};
		CA447F73288B1BCD00655851 /* Release */ = {
			isa = XCBuildConfiguration;
			buildSettings = {
				ALWAYS_SEARCH_USER_PATHS = NO;
				CLANG_ANALYZER_NONNULL = YES;
				CLANG_ANALYZER_NUMBER_OBJECT_CONVERSION = YES_AGGRESSIVE;
				CLANG_CXX_LANGUAGE_STANDARD = "gnu++17";
				CLANG_ENABLE_MODULES = YES;
				CLANG_ENABLE_OBJC_ARC = YES;
				CLANG_ENABLE_OBJC_WEAK = YES;
				CLANG_WARN_BLOCK_CAPTURE_AUTORELEASING = YES;
				CLANG_WARN_BOOL_CONVERSION = YES;
				CLANG_WARN_COMMA = YES;
				CLANG_WARN_CONSTANT_CONVERSION = YES;
				CLANG_WARN_DEPRECATED_OBJC_IMPLEMENTATIONS = YES;
				CLANG_WARN_DIRECT_OBJC_ISA_USAGE = YES_ERROR;
				CLANG_WARN_DOCUMENTATION_COMMENTS = YES;
				CLANG_WARN_EMPTY_BODY = YES;
				CLANG_WARN_ENUM_CONVERSION = YES;
				CLANG_WARN_INFINITE_RECURSION = YES;
				CLANG_WARN_INT_CONVERSION = YES;
				CLANG_WARN_NON_LITERAL_NULL_CONVERSION = YES;
				CLANG_WARN_OBJC_IMPLICIT_RETAIN_SELF = YES;
				CLANG_WARN_OBJC_LITERAL_CONVERSION = YES;
				CLANG_WARN_OBJC_ROOT_CLASS = YES_ERROR;
				CLANG_WARN_QUOTED_INCLUDE_IN_FRAMEWORK_HEADER = YES;
				CLANG_WARN_RANGE_LOOP_ANALYSIS = YES;
				CLANG_WARN_STRICT_PROTOTYPES = YES;
				CLANG_WARN_SUSPICIOUS_MOVE = YES;
				CLANG_WARN_UNGUARDED_AVAILABILITY = YES_AGGRESSIVE;
				CLANG_WARN_UNREACHABLE_CODE = YES;
				CLANG_WARN__DUPLICATE_METHOD_MATCH = YES;
				COPY_PHASE_STRIP = NO;
				DEBUG_INFORMATION_FORMAT = "dwarf-with-dsym";
				ENABLE_NS_ASSERTIONS = NO;
				ENABLE_STRICT_OBJC_MSGSEND = YES;
				GCC_C_LANGUAGE_STANDARD = gnu11;
				GCC_NO_COMMON_BLOCKS = YES;
				GCC_WARN_64_TO_32_BIT_CONVERSION = YES;
				GCC_WARN_ABOUT_RETURN_TYPE = YES_ERROR;
				GCC_WARN_UNDECLARED_SELECTOR = YES;
				GCC_WARN_UNINITIALIZED_AUTOS = YES_AGGRESSIVE;
				GCC_WARN_UNUSED_FUNCTION = YES;
				GCC_WARN_UNUSED_VARIABLE = YES;
				MACOSX_DEPLOYMENT_TARGET = 12.3;
				MTL_ENABLE_DEBUG_INFO = NO;
				MTL_FAST_MATH = YES;
				SDKROOT = macosx;
			};
			name = Release;
		};
		CA447F75288B1BCD00655851 /* Debug */ = {
			isa = XCBuildConfiguration;
			buildSettings = {
				CODE_SIGN_STYLE = Automatic;
				PRODUCT_NAME = "$(TARGET_NAME)";
			};
			name = Debug;
		};
		CA447F76288B1BCD00655851 /* Release */ = {
			isa = XCBuildConfiguration;
			buildSettings = {
				CODE_SIGN_STYLE = Automatic;
				PRODUCT_NAME = "$(TARGET_NAME)";
			};
			name = Release;
		};
/* End XCBuildConfiguration section */

/* Begin XCConfigurationList section */
		CA447F68288B1BCD00655851 /* Build configuration list for PBXProject "cccamtest" */ = {
			isa = XCConfigurationList;
			buildConfigurations = (
				CA447F72288B1BCD00655851 /* Debug */,
				CA447F73288B1BCD00655851 /* Release */,
			);
			defaultConfigurationIsVisible = 0;
			defaultConfigurationName = Release;
		};
		CA447F74288B1BCD00655851 /* Build configuration list for PBXNativeTarget "cccamtest" */ = {
			isa = XCConfigurationList;
			buildConfigurations = (
				CA447F75288B1BCD00655851 /* Debug */,
				CA447F76288B1BCD00655851 /* Release */,
			);
			defaultConfigurationIsVisible = 0;
			defaultConfigurationName = Release;
		};
/* End XCConfigurationList section */
	};
	rootObject = CA447F65288B1BCD00655851 /* Project object */;
}
